
Microsoft Visual Studio Solution File, Format Version 12.00
Project("{FAE04EC0-301F-11D3-BF4B-00C04F79EFBC}") = "SportDataMedalStatistic", "SportDataMedalStatistic\SportDataMedalStatistic.csproj", "{CAB7F07D-27A5-4D73-BB6A-0462CEBBB543}"
EndProject
Global
	GlobalSection(SolutionConfigurationPlatforms) = preSolution
		Debug|Any CPU = Debug|Any CPU
		Release|Any CPU = Release|Any CPU
	EndGlobalSection
	GlobalSection(ProjectConfigurationPlatforms) = postSolution
		{CAB7F07D-27A5-4D73-BB6A-0462CEBBB543}.Debug|Any CPU.ActiveCfg = Debug|Any CPU
		{CAB7F07D-27A5-4D73-BB6A-0462CEBBB543}.Debug|Any CPU.Build.0 = Debug|Any CPU
		{CAB7F07D-27A5-4D73-BB6A-0462CEBBB543}.Release|Any CPU.ActiveCfg = Release|Any CPU
		{CAB7F07D-27A5-4D73-BB6A-0462CEBBB543}.Release|Any CPU.Build.0 = Release|Any CPU
	EndGlobalSection
EndGlobal
